// !$*UTF8*$!
{
	archiveVersion = 1;
	classes = {
	};
	objectVersion = 46;
	objects = {

/* Begin PBXBuildFile section */
		1553FB461BF7A67F00B6210A /* AppDelegate.swift in Sources */ = {isa = PBXBuildFile; fileRef = 1553FB451BF7A67F00B6210A /* AppDelegate.swift */; };
		1553FB481BF7A67F00B6210A /* ViewController.swift in Sources */ = {isa = PBXBuildFile; fileRef = 1553FB471BF7A67F00B6210A /* ViewController.swift */; };
		1553FB4B1BF7A67F00B6210A /* Main.storyboard in Resources */ = {isa = PBXBuildFile; fileRef = 1553FB491BF7A67F00B6210A /* Main.storyboard */; };
		1553FB4D1BF7A67F00B6210A /* Assets.xcassets in Resources */ = {isa = PBXBuildFile; fileRef = 1553FB4C1BF7A67F00B6210A /* Assets.xcassets */; };
		1553FB501BF7A67F00B6210A /* LaunchScreen.storyboard in Resources */ = {isa = PBXBuildFile; fileRef = 1553FB4E1BF7A67F00B6210A /* LaunchScreen.storyboard */; };
		1553FB591BF7A74600B6210A /* Post.swift in Sources */ = {isa = PBXBuildFile; fileRef = 1553FB581BF7A74600B6210A /* Post.swift */; };
		1553FB5C1BF7BA1000B6210A /* PostCell.swift in Sources */ = {isa = PBXBuildFile; fileRef = 1553FB5B1BF7BA1000B6210A /* PostCell.swift */; };
		1553FB601BF7CBC400B6210A /* AddPostViewController.swift in Sources */ = {isa = PBXBuildFile; fileRef = 1553FB5F1BF7CBC400B6210A /* AddPostViewController.swift */; };
		1553FB691BF7E8F300B6210A /* DataServices.swift in Sources */ = {isa = PBXBuildFile; fileRef = 1553FB681BF7E8F300B6210A /* DataServices.swift */; };
/* End PBXBuildFile section */

/* Begin PBXFileReference section */
		1553FB421BF7A67F00B6210A /* MyHood.app */ = {isa = PBXFileReference; explicitFileType = wrapper.application; includeInIndex = 0; path = MyHood.app; sourceTree = BUILT_PRODUCTS_DIR; };
		1553FB451BF7A67F00B6210A /* AppDelegate.swift */ = {isa = PBXFileReference; lastKnownFileType = sourcecode.swift; path = AppDelegate.swift; sourceTree = "<group>"; };
		1553FB471BF7A67F00B6210A /* ViewController.swift */ = {isa = PBXFileReference; lastKnownFileType = sourcecode.swift; path = ViewController.swift; sourceTree = "<group>"; };
		1553FB4A1BF7A67F00B6210A /* Base */ = {isa = PBXFileReference; lastKnownFileType = file.storyboard; name = Base; path = Base.lproj/Main.storyboard; sourceTree = "<group>"; };
		1553FB4C1BF7A67F00B6210A /* Assets.xcassets */ = {isa = PBXFileReference; lastKnownFileType = folder.assetcatalog; path = Assets.xcassets; sourceTree = "<group>"; };
		1553FB4F1BF7A67F00B6210A /* Base */ = {isa = PBXFileReference; lastKnownFileType = file.storyboard; name = Base; path = Base.lproj/LaunchScreen.storyboard; sourceTree = "<group>"; };
		1553FB511BF7A67F00B6210A /* Info.plist */ = {isa = PBXFileReference; lastKnownFileType = text.plist.xml; path = Info.plist; sourceTree = "<group>"; };
		1553FB581BF7A74600B6210A /* Post.swift */ = {isa = PBXFileReference; fileEncoding = 4; lastKnownFileType = sourcecode.swift; path = Post.swift; sourceTree = "<group>"; };
		1553FB5B1BF7BA1000B6210A /* PostCell.swift */ = {isa = PBXFileReference; fileEncoding = 4; lastKnownFileType = sourcecode.swift; path = PostCell.swift; sourceTree = "<group>"; };
		1553FB5F1BF7CBC400B6210A /* AddPostViewController.swift */ = {isa = PBXFileReference; fileEncoding = 4; lastKnownFileType = sourcecode.swift; path = AddPostViewController.swift; sourceTree = "<group>"; };
		1553FB681BF7E8F300B6210A /* DataServices.swift */ = {isa = PBXFileReference; fileEncoding = 4; lastKnownFileType = sourcecode.swift; path = DataServices.swift; sourceTree = "<group>"; };
/* End PBXFileReference section */

/* Begin PBXFrameworksBuildPhase section */
		1553FB3F1BF7A67F00B6210A /* Frameworks */ = {
			isa = PBXFrameworksBuildPhase;
			buildActionMask = 2147483647;
			files = (
			);
			runOnlyForDeploymentPostprocessing = 0;
		};
/* End PBXFrameworksBuildPhase section */

/* Begin PBXGroup section */
		1553FB391BF7A67F00B6210A = {
			isa = PBXGroup;
			children = (
				1553FB441BF7A67F00B6210A /* MyHood */,
				1553FB431BF7A67F00B6210A /* Products */,
			);
			sourceTree = "<group>";
		};
		1553FB431BF7A67F00B6210A /* Products */ = {
			isa = PBXGroup;
			children = (
				1553FB421BF7A67F00B6210A /* MyHood.app */,
			);
			name = Products;
			sourceTree = "<group>";
		};
		1553FB441BF7A67F00B6210A /* MyHood */ = {
			isa = PBXGroup;
			children = (
				1553FB451BF7A67F00B6210A /* AppDelegate.swift */,
				1553FB671BF7E8E400B6210A /* Services */,
				1553FB571BF7A71E00B6210A /* Model */,
				1553FB5A1BF7B9E900B6210A /* View */,
				1553FB5D1BF7CAA100B6210A /* Controller */,
				1553FB5E1BF7CB6700B6210A /* Image and Plist file */,
			);
			path = MyHood;
			sourceTree = "<group>";
		};
		1553FB571BF7A71E00B6210A /* Model */ = {
			isa = PBXGroup;
			children = (
				1553FB581BF7A74600B6210A /* Post.swift */,
			);
			name = Model;
			sourceTree = "<group>";
		};
		1553FB5A1BF7B9E900B6210A /* View */ = {
			isa = PBXGroup;
			children = (
				1553FB491BF7A67F00B6210A /* Main.storyboard */,
				1553FB4E1BF7A67F00B6210A /* LaunchScreen.storyboard */,
				1553FB5B1BF7BA1000B6210A /* PostCell.swift */,
			);
			name = View;
			sourceTree = "<group>";
		};
		1553FB5D1BF7CAA100B6210A /* Controller */ = {
			isa = PBXGroup;
			children = (
				1553FB471BF7A67F00B6210A /* ViewController.swift */,
				1553FB5F1BF7CBC400B6210A /* AddPostViewController.swift */,
			);
			name = Controller;
			sourceTree = "<group>";
		};
		1553FB5E1BF7CB6700B6210A /* Image and Plist file */ = {
			isa = PBXGroup;
			children = (
				1553FB4C1BF7A67F00B6210A /* Assets.xcassets */,
				1553FB511BF7A67F00B6210A /* Info.plist */,
			);
			name = "Image and Plist file";
			sourceTree = "<group>";
		};
		1553FB671BF7E8E400B6210A /* Services */ = {
			isa = PBXGroup;
			children = (
				1553FB681BF7E8F300B6210A /* DataServices.swift */,
			);
			name = Services;
			sourceTree = "<group>";
		};
/* End PBXGroup section */

/* Begin PBXNativeTarget section */
		1553FB411BF7A67F00B6210A /* MyHood */ = {
			isa = PBXNativeTarget;
			buildConfigurationList = 1553FB541BF7A67F00B6210A /* Build configuration list for PBXNativeTarget "MyHood" */;
			buildPhases = (
				1553FB3E1BF7A67F00B6210A /* Sources */,
				1553FB3F1BF7A67F00B6210A /* Frameworks */,
				1553FB401BF7A67F00B6210A /* Resources */,
			);
			buildRules = (
			);
			dependencies = (
			);
			name = MyHood;
			productName = MyHood;
			productReference = 1553FB421BF7A67F00B6210A /* MyHood.app */;
			productType = "com.apple.product-type.application";
		};
/* End PBXNativeTarget section */

/* Begin PBXProject section */
		1553FB3A1BF7A67F00B6210A /* Project object */ = {
			isa = PBXProject;
			attributes = {
				LastSwiftUpdateCheck = 0710;
				LastUpgradeCheck = 0710;
				ORGANIZATIONNAME = "Hafiz Developer";
				TargetAttributes = {
					1553FB411BF7A67F00B6210A = {
						CreatedOnToolsVersion = 7.1;
					};
				};
			};
			buildConfigurationList = 1553FB3D1BF7A67F00B6210A /* Build configuration list for PBXProject "MyHood" */;
			compatibilityVersion = "Xcode 3.2";
			developmentRegion = English;
			hasScannedForEncodings = 0;
			knownRegions = (
				en,
				Base,
			);
			mainGroup = 1553FB391BF7A67F00B6210A;
			productRefGroup = 1553FB431BF7A67F00B6210A /* Products */;
			projectDirPath = "";
			projectRoot = "";
			targets = (
				1553FB411BF7A67F00B6210A /* MyHood */,
			);
		};
/* End PBXProject section */

/* Begin PBXResourcesBuildPhase section */
		1553FB401BF7A67F00B6210A /* Resources */ = {
			isa = PBXResourcesBuildPhase;
			buildActionMask = 2147483647;
			files = (
				1553FB501BF7A67F00B6210A /* LaunchScreen.storyboard in Resources */,
				1553FB4D1BF7A67F00B6210A /* Assets.xcassets in Resources */,
				1553FB4B1BF7A67F00B6210A /* Main.storyboard in Resources */,
			);
			runOnlyForDeploymentPostprocessing = 0;
		};
/* End PBXResourcesBuildPhase section */

/* Begin PBXSourcesBuildPhase section */
		1553FB3E1BF7A67F00B6210A /* Sources */ = {
			isa = PBXSourcesBuildPhase;
			buildActionMask = 2147483647;
			files = (
				1553FB591BF7A74600B6210A /* Post.swift in Sources */,
				1553FB601BF7CBC400B6210A /* AddPostViewController.swift in Sources */,
				1553FB481BF7A67F00B6210A /* ViewController.swift in Sources */,
				1553FB691BF7E8F300B6210A /* DataServices.swift in Sources */,
				1553FB461BF7A67F00B6210A /* AppDelegate.swift in Sources */,
				1553FB5C1BF7BA1000B6210A /* PostCell.swift in Sources */,
			);
			runOnlyForDeploymentPostprocessing = 0;
		};
/* End PBXSourcesBuildPhase section */

/* Begin PBXVariantGroup section */
		1553FB491BF7A67F00B6210A /* Main.storyboard */ = {
			isa = PBXVariantGroup;
			children = (
				1553FB4A1BF7A67F00B6210A /* Base */,
			);
			name = Main.storyboard;
			sourceTree = "<group>";
		};
		1553FB4E1BF7A67F00B6210A /* LaunchScreen.storyboard */ = {
			isa = PBXVariantGroup;
			children = (
				1553FB4F1BF7A67F00B6210A /* Base */,
			);
			name = LaunchScreen.storyboard;
			sourceTree = "<group>";
		};
/* End PBXVariantGroup section */

/* Begin XCBuildConfiguration section */
		1553FB521BF7A67F00B6210A /* Debug */ = {
			isa = XCBuildConfiguration;
			buildSettings = {
				ALWAYS_SEARCH_USER_PATHS = NO;
				CLANG_CXX_LANGUAGE_STANDARD = "gnu++0x";
				CLANG_CXX_LIBRARY = "libc++";
				CLANG_ENABLE_MODULES = YES;
				CLANG_ENABLE_OBJC_ARC = YES;
				CLANG_WARN_BOOL_CONVERSION = YES;
				CLANG_WARN_CONSTANT_CONVERSION = YES;
				CLANG_WARN_DIRECT_OBJC_ISA_USAGE = YES_ERROR;
				CLANG_WARN_EMPTY_BODY = YES;
				CLANG_WARN_ENUM_CONVERSION = YES;
				CLANG_WARN_INT_CONVERSION = YES;
				CLANG_WARN_OBJC_ROOT_CLASS = YES_ERROR;
				CLANG_WARN_UNREACHABLE_CODE = YES;
				CLANG_WARN__DUPLICATE_METHOD_MATCH = YES;
				"CODE_SIGN_IDENTITY[sdk=iphoneos*]" = "iPhone Developer";
				COPY_PHASE_STRIP = NO;
				DEBUG_INFORMATION_FORMAT = dwarf;
				ENABLE_STRICT_OBJC_MSGSEND = YES;
				ENABLE_TESTABILITY = YES;
				GCC_C_LANGUAGE_STANDARD = gnu99;
				GCC_DYNAMIC_NO_PIC = NO;
				GCC_NO_COMMON_BLOCKS = YES;
				GCC_OPTIMIZATION_LEVEL = 0;
				GCC_PREPROCESSOR_DEFINITIONS = (
					"DEBUG=1",
					"$(inherited)",
				);
				GCC_WARN_64_TO_32_BIT_CONVERSION = YES;
				GCC_WARN_ABOUT_RETURN_TYPE = YES_ERROR;
				GCC_WARN_UNDECLARED_SELECTOR = YES;
				GCC_WARN_UNINITIALIZED_AUTOS = YES_AGGRESSIVE;
				GCC_WARN_UNUSED_FUNCTION = YES;
				GCC_WARN_UNUSED_VARIABLE = YES;
				IPHONEOS_DEPLOYMENT_TARGET = 9.1;
				MTL_ENABLE_DEBUG_INFO = YES;
				ONLY_ACTIVE_ARCH = YES;
				SDKROOT = iphoneos;
				SWIFT_OPTIMIZATION_LEVEL = "-Onone";
			};
			name = Debug;
		};
		1553FB531BF7A67F00B6210A /* Release */ = {
			isa = XCBuildConfiguration;
			buildSettings = {
				ALWAYS_SEARCH_USER_PATHS = NO;
				CLANG_CXX_LANGUAGE_STANDARD = "gnu++0x";
				CLANG_CXX_LIBRARY = "libc++";
				CLANG_ENABLE_MODULES = YES;
				CLANG_ENABLE_OBJC_ARC = YES;
				CLANG_WARN_BOOL_CONVERSION = YES;
				CLANG_WARN_CONSTANT_CONVERSION = YES;
				CLANG_WARN_DIRECT_OBJC_ISA_USAGE = YES_ERROR;
				CLANG_WARN_EMPTY_BODY = YES;
				CLANG_WARN_ENUM_CONVERSION = YES;
				CLANG_WARN_INT_CONVERSION = YES;
				CLANG_WARN_OBJC_ROOT_CLASS = YES_ERROR;
				CLANG_WARN_UNREACHABLE_CODE = YES;
				CLANG_WARN__DUPLICATE_METHOD_MATCH = YES;
				"CODE_SIGN_IDENTITY[sdk=iphoneos*]" = "iPhone Developer";
				COPY_PHASE_STRIP = NO;
				DEBUG_INFORMATION_FORMAT = "dwarf-with-dsym";
				ENABLE_NS_ASSERTIONS = NO;
				ENABLE_STRICT_OBJC_MSGSEND = YES;
				GCC_C_LANGUAGE_STANDARD = gnu99;
				GCC_NO_COMMON_BLOCKS = YES;
				GCC_WARN_64_TO_32_BIT_CONVERSION = YES;
				GCC_WARN_ABOUT_RETURN_TYPE = YES_ERROR;
				GCC_WARN_UNDECLARED_SELECTOR = YES;
				GCC_WARN_UNINITIALIZED_AUTOS = YES_AGGRESSIVE;
				GCC_WARN_UNUSED_FUNCTION = YES;
				GCC_WARN_UNUSED_VARIABLE = YES;
				IPHONEOS_DEPLOYMENT_TARGET = 9.1;
				MTL_ENABLE_DEBUG_INFO = NO;
				SDKROOT = iphoneos;
				VALIDATE_PRODUCT = YES;
			};
			name = Release;
		};
		1553FB551BF7A67F00B6210A /* Debug */ = {
			isa = XCBuildConfiguration;
			buildSettings = {
				ASSETCATALOG_COMPILER_APPICON_NAME = AppIcon;
				INFOPLIST_FILE = MyHood/Info.plist;
				LD_RUNPATH_SEARCH_PATHS = "$(inherited) @executable_path/Frameworks";
				PRODUCT_BUNDLE_IDENTIFIER = com.Abdurrahman.MyHood;
				PRODUCT_NAME = "$(TARGET_NAME)";
			};
			name = Debug;
		};
		1553FB561BF7A67F00B6210A /* Release */ = {
			isa = XCBuildConfiguration;
			buildSettings = {
				ASSETCATALOG_COMPILER_APPICON_NAME = AppIcon;
				INFOPLIST_FILE = MyHood/Info.plist;
				LD_RUNPATH_SEARCH_PATHS = "$(inherited) @executable_path/Frameworks";
				PRODUCT_BUNDLE_IDENTIFIER = com.Abdurrahman.MyHood;
				PRODUCT_NAME = "$(TARGET_NAME)";
			};
			name = Release;
		};
/* End XCBuildConfiguration section */

/* Begin XCConfigurationList section */
		1553FB3D1BF7A67F00B6210A /* Build configuration list for PBXProject "MyHood" */ = {
			isa = XCConfigurationList;
			buildConfigurations = (
				1553FB521BF7A67F00B6210A /* Debug */,
				1553FB531BF7A67F00B6210A /* Release */,
			);
			defaultConfigurationIsVisible = 0;
			defaultConfigurationName = Release;
		};
		1553FB541BF7A67F00B6210A /* Build configuration list for PBXNativeTarget "MyHood" */ = {
			isa = XCConfigurationList;
			buildConfigurations = (
				1553FB551BF7A67F00B6210A /* Debug */,
				1553FB561BF7A67F00B6210A /* Release */,
			);
			defaultConfigurationIsVisible = 0;
		};
/* End XCConfigurationList section */
	};
	rootObject = 1553FB3A1BF7A67F00B6210A /* Project object */;
}
